
Microsoft Visual Studio Solution File, Format Version 12.00
# Visual Studio 15
VisualStudioVersion = 15.0.28307.1209
MinimumVisualStudioVersion = 10.0.40219.1
Project("{FAE04EC0-301F-11D3-BF4B-00C04F79EFBC}") = "Calculator", "Calculator\Calculator.csproj", "{39121131-1E0A-46EA-9C14-75C5149E8922}"
EndProject
Project("{FAE04EC0-301F-11D3-BF4B-00C04F79EFBC}") = "CalculatorTest", "CalculatorTest\CalculatorTest.csproj", "{BC038C6F-76CC-40C9-955B-B2A0D70C8902}"
EndProject
Global
	GlobalSection(SolutionConfigurationPlatforms) = preSolution
		Debug|Any CPU = Debug|Any CPU
		Release|Any CPU = Release|Any CPU
	EndGlobalSection
	GlobalSection(ProjectConfigurationPlatforms) = postSolution
		{39121131-1E0A-46EA-9C14-75C5149E8922}.Debug|Any CPU.ActiveCfg = Debug|Any CPU
		{39121131-1E0A-46EA-9C14-75C5149E8922}.Debug|Any CPU.Build.0 = Debug|Any CPU
		{39121131-1E0A-46EA-9C14-75C5149E8922}.Release|Any CPU.ActiveCfg = Release|Any CPU
		{39121131-1E0A-46EA-9C14-75C5149E8922}.Release|Any CPU.Build.0 = Release|Any CPU
		{BC038C6F-76CC-40C9-955B-B2A0D70C8902}.Debug|Any CPU.ActiveCfg = Debug|Any CPU
		{BC038C6F-76CC-40C9-955B-B2A0D70C8902}.Debug|Any CPU.Build.0 = Debug|Any CPU
		{BC038C6F-76CC-40C9-955B-B2A0D70C8902}.Release|Any CPU.ActiveCfg = Release|Any CPU
		{BC038C6F-76CC-40C9-955B-B2A0D70C8902}.Release|Any CPU.Build.0 = Release|Any CPU
	EndGlobalSection
	GlobalSection(SolutionProperties) = preSolution
		HideSolutionNode = FALSE
	EndGlobalSection
	GlobalSection(ExtensibilityGlobals) = postSolution
		SolutionGuid = {59D22F26-D962-4BF2-BA16-1AA4FCAACF6B}
	EndGlobalSection
EndGlobal
